
Microsoft Visual Studio Solution File, Format Version 12.00
# Visual Studio Version 16
VisualStudioVersion = 16.0.30413.136
MinimumVisualStudioVersion = 10.0.40219.1
Project("{FAE04EC0-301F-11D3-BF4B-00C04F79EFBC}") = "Test_App", "Test_App\Test_App.csproj", "{EFAC6B8B-CD38-4CF5-9070-072134757A6A}"
EndProject
Global
	GlobalSection(SolutionConfigurationPlatforms) = preSolution
		Debug|Any CPU = Debug|Any CPU
		Release|Any CPU = Release|Any CPU
	EndGlobalSection
	GlobalSection(ProjectConfigurationPlatforms) = postSolution
		{EFAC6B8B-CD38-4CF5-9070-072134757A6A}.Debug|Any CPU.ActiveCfg = Debug|Any CPU
		{EFAC6B8B-CD38-4CF5-9070-072134757A6A}.Debug|Any CPU.Build.0 = Debug|Any CPU
		{EFAC6B8B-CD38-4CF5-9070-072134757A6A}.Release|Any CPU.ActiveCfg = Release|Any CPU
		{EFAC6B8B-CD38-4CF5-9070-072134757A6A}.Release|Any CPU.Build.0 = Release|Any CPU
	EndGlobalSection
	GlobalSection(SolutionProperties) = preSolution
		HideSolutionNode = FALSE
	EndGlobalSection
	GlobalSection(ExtensibilityGlobals) = postSolution
		SolutionGuid = {9F29F7C7-2E12-4B82-A1AB-FB4EB7542155}
	EndGlobalSection
EndGlobal
